
Microsoft Visual Studio Solution File, Format Version 12.00
# Visual Studio Version 17
VisualStudioVersion = 17.14.36623.8 d17.14
MinimumVisualStudioVersion = 10.0.40219.1
Project("{FAE04EC0-301F-11D3-BF4B-00C04F79EFBC}") = "SentimentAnalysis", "SentimentAnalysis\SentimentAnalysis.csproj", "{13BF9EF8-ED66-4616-BF9E-AA14FEBCFCF4}"
EndProject
Global
	GlobalSection(SolutionConfigurationPlatforms) = preSolution
		Debug|Any CPU = Debug|Any CPU
		Release|Any CPU = Release|Any CPU
	EndGlobalSection
	GlobalSection(ProjectConfigurationPlatforms) = postSolution
		{13BF9EF8-ED66-4616-BF9E-AA14FEBCFCF4}.Debug|Any CPU.ActiveCfg = Debug|Any CPU
		{13BF9EF8-ED66-4616-BF9E-AA14FEBCFCF4}.Debug|Any CPU.Build.0 = Debug|Any CPU
		{13BF9EF8-ED66-4616-BF9E-AA14FEBCFCF4}.Release|Any CPU.ActiveCfg = Release|Any CPU
		{13BF9EF8-ED66-4616-BF9E-AA14FEBCFCF4}.Release|Any CPU.Build.0 = Release|Any CPU
	EndGlobalSection
	GlobalSection(SolutionProperties) = preSolution
		HideSolutionNode = FALSE
	EndGlobalSection
	GlobalSection(ExtensibilityGlobals) = postSolution
		SolutionGuid = {C4E2F415-20D6-4351-B34F-3E7AA4A5709F}
	EndGlobalSection
EndGlobal
